
Microsoft Visual Studio Solution File, Format Version 12.00
# Visual Studio Version 17
VisualStudioVersion = 17.6.33815.320
MinimumVisualStudioVersion = 10.0.40219.1
Project("{9A19103F-16F7-4668-BE54-9A1E7A4F7556}") = "EdgeDb", "EdgeDb\EdgeDb.csproj", "{A81DEFED-6ADD-4E81-9032-1891A7BE0B86}"
EndProject
Project("{2150E333-8FDC-42A3-9474-1A3956D46DE8}") = "Solution Items", "Solution Items", "{1B25C5FA-1128-4662-AEFC-CF4E7F3B9B4A}"
	ProjectSection(SolutionItems) = preProject
		.gitignore = .gitignore
	EndProjectSection
EndProject
Global
	GlobalSection(SolutionConfigurationPlatforms) = preSolution
		Debug|Any CPU = Debug|Any CPU
		Release|Any CPU = Release|Any CPU
	EndGlobalSection
	GlobalSection(ProjectConfigurationPlatforms) = postSolution
		{A81DEFED-6ADD-4E81-9032-1891A7BE0B86}.Debug|Any CPU.ActiveCfg = Debug|Any CPU
		{A81DEFED-6ADD-4E81-9032-1891A7BE0B86}.Debug|Any CPU.Build.0 = Debug|Any CPU
		{A81DEFED-6ADD-4E81-9032-1891A7BE0B86}.Release|Any CPU.ActiveCfg = Release|Any CPU
		{A81DEFED-6ADD-4E81-9032-1891A7BE0B86}.Release|Any CPU.Build.0 = Release|Any CPU
	EndGlobalSection
	GlobalSection(SolutionProperties) = preSolution
		HideSolutionNode = FALSE
	EndGlobalSection
	GlobalSection(ExtensibilityGlobals) = postSolution
		SolutionGuid = {0D7EB775-7C7B-473B-A753-964A6260C219}
	EndGlobalSection
EndGlobal
